// !$*UTF8*$!
{
	archiveVersion = 1;
	classes = {
	};
	objectVersion = 55;
	objects = {

/* Begin PBXBuildFile section */
		CBBF9A12275F023F00BD319B /* Raid_Of_Temples_LauncherApp.swift in Sources */ = {isa = PBXBuildFile; fileRef = CBBF9A11275F023F00BD319B /* Raid_Of_Temples_LauncherApp.swift */; };
		CBBF9A14275F023F00BD319B /* ContentView.swift in Sources */ = {isa = PBXBuildFile; fileRef = CBBF9A13275F023F00BD319B /* ContentView.swift */; };
		CBBF9A16275F024400BD319B /* Assets.xcassets in Resources */ = {isa = PBXBuildFile; fileRef = CBBF9A15275F024400BD319B /* Assets.xcassets */; };
		CBBF9A19275F024400BD319B /* Preview Assets.xcassets in Resources */ = {isa = PBXBuildFile; fileRef = CBBF9A18275F024400BD319B /* Preview Assets.xcassets */; };
		CBBF9A24275F024500BD319B /* Raid_Of_Temples_LauncherTests.swift in Sources */ = {isa = PBXBuildFile; fileRef = CBBF9A23275F024500BD319B /* Raid_Of_Temples_LauncherTests.swift */; };
		CBBF9A2E275F024500BD319B /* Raid_Of_Temples_LauncherUITests.swift in Sources */ = {isa = PBXBuildFile; fileRef = CBBF9A2D275F024500BD319B /* Raid_Of_Temples_LauncherUITests.swift */; };
		CBBF9A30275F024500BD319B /* Raid_Of_Temples_LauncherUITestsLaunchTests.swift in Sources */ = {isa = PBXBuildFile; fileRef = CBBF9A2F275F024500BD319B /* Raid_Of_Temples_LauncherUITestsLaunchTests.swift */; };
/* End PBXBuildFile section */

/* Begin PBXContainerItemProxy section */
		CBBF9A20275F024500BD319B /* PBXContainerItemProxy */ = {
			isa = PBXContainerItemProxy;
			containerPortal = CBBF9A06275F023F00BD319B /* Project object */;
			proxyType = 1;
			remoteGlobalIDString = CBBF9A0D275F023F00BD319B;
			remoteInfo = "Raid Of Temples Launcher";
		};
		CBBF9A2A275F024500BD319B /* PBXContainerItemProxy */ = {
			isa = PBXContainerItemProxy;
			containerPortal = CBBF9A06275F023F00BD319B /* Project object */;
			proxyType = 1;
			remoteGlobalIDString = CBBF9A0D275F023F00BD319B;
			remoteInfo = "Raid Of Temples Launcher";
		};
/* End PBXContainerItemProxy section */

/* Begin PBXFileReference section */
		CBBF9A0E275F023F00BD319B /* Raid Of Temples Launcher.app */ = {isa = PBXFileReference; explicitFileType = wrapper.application; includeInIndex = 0; path = "Raid Of Temples Launcher.app"; sourceTree = BUILT_PRODUCTS_DIR; };
		CBBF9A11275F023F00BD319B /* Raid_Of_Temples_LauncherApp.swift */ = {isa = PBXFileReference; lastKnownFileType = sourcecode.swift; path = Raid_Of_Temples_LauncherApp.swift; sourceTree = "<group>"; };
		CBBF9A13275F023F00BD319B /* ContentView.swift */ = {isa = PBXFileReference; lastKnownFileType = sourcecode.swift; path = ContentView.swift; sourceTree = "<group>"; };
		CBBF9A15275F024400BD319B /* Assets.xcassets */ = {isa = PBXFileReference; lastKnownFileType = folder.assetcatalog; path = Assets.xcassets; sourceTree = "<group>"; };
		CBBF9A18275F024400BD319B /* Preview Assets.xcassets */ = {isa = PBXFileReference; lastKnownFileType = folder.assetcatalog; path = "Preview Assets.xcassets"; sourceTree = "<group>"; };
		CBBF9A1A275F024400BD319B /* Raid_Of_Temples_Launcher.entitlements */ = {isa = PBXFileReference; lastKnownFileType = text.plist.entitlements; path = Raid_Of_Temples_Launcher.entitlements; sourceTree = "<group>"; };
		CBBF9A1F275F024500BD319B /* Raid Of Temples LauncherTests.xctest */ = {isa = PBXFileReference; explicitFileType = wrapper.cfbundle; includeInIndex = 0; path = "Raid Of Temples LauncherTests.xctest"; sourceTree = BUILT_PRODUCTS_DIR; };
		CBBF9A23275F024500BD319B /* Raid_Of_Temples_LauncherTests.swift */ = {isa = PBXFileReference; lastKnownFileType = sourcecode.swift; path = Raid_Of_Temples_LauncherTests.swift; sourceTree = "<group>"; };
		CBBF9A29275F024500BD319B /* Raid Of Temples LauncherUITests.xctest */ = {isa = PBXFileReference; explicitFileType = wrapper.cfbundle; includeInIndex = 0; path = "Raid Of Temples LauncherUITests.xctest"; sourceTree = BUILT_PRODUCTS_DIR; };
		CBBF9A2D275F024500BD319B /* Raid_Of_Temples_LauncherUITests.swift */ = {isa = PBXFileReference; lastKnownFileType = sourcecode.swift; path = Raid_Of_Temples_LauncherUITests.swift; sourceTree = "<group>"; };
		CBBF9A2F275F024500BD319B /* Raid_Of_Temples_LauncherUITestsLaunchTests.swift */ = {isa = PBXFileReference; lastKnownFileType = sourcecode.swift; path = Raid_Of_Temples_LauncherUITestsLaunchTests.swift; sourceTree = "<group>"; };
/* End PBXFileReference section */

/* Begin PBXFrameworksBuildPhase section */
		CBBF9A0B275F023F00BD319B /* Frameworks */ = {
			isa = PBXFrameworksBuildPhase;
			buildActionMask = 2147483647;
			files = (
			);
			runOnlyForDeploymentPostprocessing = 0;
		};
		CBBF9A1C275F024500BD319B /* Frameworks */ = {
			isa = PBXFrameworksBuildPhase;
			buildActionMask = 2147483647;
			files = (
			);
			runOnlyForDeploymentPostprocessing = 0;
		};
		CBBF9A26275F024500BD319B /* Frameworks */ = {
			isa = PBXFrameworksBuildPhase;
			buildActionMask = 2147483647;
			files = (
			);
			runOnlyForDeploymentPostprocessing = 0;
		};
/* End PBXFrameworksBuildPhase section */

/* Begin PBXGroup section */
		CBBF9A05275F023F00BD319B = {
			isa = PBXGroup;
			children = (
				CBBF9A10275F023F00BD319B /* Raid Of Temples Launcher */,
				CBBF9A22275F024500BD319B /* Raid Of Temples LauncherTests */,
				CBBF9A2C275F024500BD319B /* Raid Of Temples LauncherUITests */,
				CBBF9A0F275F023F00BD319B /* Products */,
			);
			sourceTree = "<group>";
		};
		CBBF9A0F275F023F00BD319B /* Products */ = {
			isa = PBXGroup;
			children = (
				CBBF9A0E275F023F00BD319B /* Raid Of Temples Launcher.app */,
				CBBF9A1F275F024500BD319B /* Raid Of Temples LauncherTests.xctest */,
				CBBF9A29275F024500BD319B /* Raid Of Temples LauncherUITests.xctest */,
			);
			name = Products;
			sourceTree = "<group>";
		};
		CBBF9A10275F023F00BD319B /* Raid Of Temples Launcher */ = {
			isa = PBXGroup;
			children = (
				CBBF9A11275F023F00BD319B /* Raid_Of_Temples_LauncherApp.swift */,
				CBBF9A13275F023F00BD319B /* ContentView.swift */,
				CBBF9A15275F024400BD319B /* Assets.xcassets */,
				CBBF9A1A275F024400BD319B /* Raid_Of_Temples_Launcher.entitlements */,
				CBBF9A17275F024400BD319B /* Preview Content */,
			);
			path = "Raid Of Temples Launcher";
			sourceTree = "<group>";
		};
		CBBF9A17275F024400BD319B /* Preview Content */ = {
			isa = PBXGroup;
			children = (
				CBBF9A18275F024400BD319B /* Preview Assets.xcassets */,
			);
			path = "Preview Content";
			sourceTree = "<group>";
		};
		CBBF9A22275F024500BD319B /* Raid Of Temples LauncherTests */ = {
			isa = PBXGroup;
			children = (
				CBBF9A23275F024500BD319B /* Raid_Of_Temples_LauncherTests.swift */,
			);
			path = "Raid Of Temples LauncherTests";
			sourceTree = "<group>";
		};
		CBBF9A2C275F024500BD319B /* Raid Of Temples LauncherUITests */ = {
			isa = PBXGroup;
			children = (
				CBBF9A2D275F024500BD319B /* Raid_Of_Temples_LauncherUITests.swift */,
				CBBF9A2F275F024500BD319B /* Raid_Of_Temples_LauncherUITestsLaunchTests.swift */,
			);
			path = "Raid Of Temples LauncherUITests";
			sourceTree = "<group>";
		};
/* End PBXGroup section */

/* Begin PBXNativeTarget section */
		CBBF9A0D275F023F00BD319B /* Raid Of Temples Launcher */ = {
			isa = PBXNativeTarget;
			buildConfigurationList = CBBF9A33275F024500BD319B /* Build configuration list for PBXNativeTarget "Raid Of Temples Launcher" */;
			buildPhases = (
				CBBF9A0A275F023F00BD319B /* Sources */,
				CBBF9A0B275F023F00BD319B /* Frameworks */,
				CBBF9A0C275F023F00BD319B /* Resources */,
			);
			buildRules = (
			);
			dependencies = (
			);
			name = "Raid Of Temples Launcher";
			productName = "Raid Of Temples Launcher";
			productReference = CBBF9A0E275F023F00BD319B /* Raid Of Temples Launcher.app */;
			productType = "com.apple.product-type.application";
		};
		CBBF9A1E275F024500BD319B /* Raid Of Temples LauncherTests */ = {
			isa = PBXNativeTarget;
			buildConfigurationList = CBBF9A36275F024500BD319B /* Build configuration list for PBXNativeTarget "Raid Of Temples LauncherTests" */;
			buildPhases = (
				CBBF9A1B275F024500BD319B /* Sources */,
				CBBF9A1C275F024500BD319B /* Frameworks */,
				CBBF9A1D275F024500BD319B /* Resources */,
			);
			buildRules = (
			);
			dependencies = (
				CBBF9A21275F024500BD319B /* PBXTargetDependency */,
			);
			name = "Raid Of Temples LauncherTests";
			productName = "Raid Of Temples LauncherTests";
			productReference = CBBF9A1F275F024500BD319B /* Raid Of Temples LauncherTests.xctest */;
			productType = "com.apple.product-type.bundle.unit-test";
		};
		CBBF9A28275F024500BD319B /* Raid Of Temples LauncherUITests */ = {
			isa = PBXNativeTarget;
			buildConfigurationList = CBBF9A39275F024500BD319B /* Build configuration list for PBXNativeTarget "Raid Of Temples LauncherUITests" */;
			buildPhases = (
				CBBF9A25275F024500BD319B /* Sources */,
				CBBF9A26275F024500BD319B /* Frameworks */,
				CBBF9A27275F024500BD319B /* Resources */,
			);
			buildRules = (
			);
			dependencies = (
				CBBF9A2B275F024500BD319B /* PBXTargetDependency */,
			);
			name = "Raid Of Temples LauncherUITests";
			productName = "Raid Of Temples LauncherUITests";
			productReference = CBBF9A29275F024500BD319B /* Raid Of Temples LauncherUITests.xctest */;
			productType = "com.apple.product-type.bundle.ui-testing";
		};
/* End PBXNativeTarget section */

/* Begin PBXProject section */
		CBBF9A06275F023F00BD319B /* Project object */ = {
			isa = PBXProject;
			attributes = {
				BuildIndependentTargetsInParallel = 1;
				LastSwiftUpdateCheck = 1300;
				LastUpgradeCheck = 1300;
				TargetAttributes = {
					CBBF9A0D275F023F00BD319B = {
						CreatedOnToolsVersion = 13.0;
					};
					CBBF9A1E275F024500BD319B = {
						CreatedOnToolsVersion = 13.0;
						TestTargetID = CBBF9A0D275F023F00BD319B;
					};
					CBBF9A28275F024500BD319B = {
						CreatedOnToolsVersion = 13.0;
						TestTargetID = CBBF9A0D275F023F00BD319B;
					};
				};
			};
			buildConfigurationList = CBBF9A09275F023F00BD319B /* Build configuration list for PBXProject "Raid Of Temples Launcher" */;
			compatibilityVersion = "Xcode 13.0";
			developmentRegion = en;
			hasScannedForEncodings = 0;
			knownRegions = (
				en,
				Base,
			);
			mainGroup = CBBF9A05275F023F00BD319B;
			productRefGroup = CBBF9A0F275F023F00BD319B /* Products */;
			projectDirPath = "";
			projectRoot = "";
			targets = (
				CBBF9A0D275F023F00BD319B /* Raid Of Temples Launcher */,
				CBBF9A1E275F024500BD319B /* Raid Of Temples LauncherTests */,
				CBBF9A28275F024500BD319B /* Raid Of Temples LauncherUITests */,
			);
		};
/* End PBXProject section */

/* Begin PBXResourcesBuildPhase section */
		CBBF9A0C275F023F00BD319B /* Resources */ = {
			isa = PBXResourcesBuildPhase;
			buildActionMask = 2147483647;
			files = (
				CBBF9A19275F024400BD319B /* Preview Assets.xcassets in Resources */,
				CBBF9A16275F024400BD319B /* Assets.xcassets in Resources */,
			);
			runOnlyForDeploymentPostprocessing = 0;
		};
		CBBF9A1D275F024500BD319B /* Resources */ = {
			isa = PBXResourcesBuildPhase;
			buildActionMask = 2147483647;
			files = (
			);
			runOnlyForDeploymentPostprocessing = 0;
		};
		CBBF9A27275F024500BD319B /* Resources */ = {
			isa = PBXResourcesBuildPhase;
			buildActionMask = 2147483647;
			files = (
			);
			runOnlyForDeploymentPostprocessing = 0;
		};
/* End PBXResourcesBuildPhase section */

/* Begin PBXSourcesBuildPhase section */
		CBBF9A0A275F023F00BD319B /* Sources */ = {
			isa = PBXSourcesBuildPhase;
			buildActionMask = 2147483647;
			files = (
				CBBF9A14275F023F00BD319B /* ContentView.swift in Sources */,
				CBBF9A12275F023F00BD319B /* Raid_Of_Temples_LauncherApp.swift in Sources */,
			);
			runOnlyForDeploymentPostprocessing = 0;
		};
		CBBF9A1B275F024500BD319B /* Sources */ = {
			isa = PBXSourcesBuildPhase;
			buildActionMask = 2147483647;
			files = (
				CBBF9A24275F024500BD319B /* Raid_Of_Temples_LauncherTests.swift in Sources */,
			);
			runOnlyForDeploymentPostprocessing = 0;
		};
		CBBF9A25275F024500BD319B /* Sources */ = {
			isa = PBXSourcesBuildPhase;
			buildActionMask = 2147483647;
			files = (
				CBBF9A30275F024500BD319B /* Raid_Of_Temples_LauncherUITestsLaunchTests.swift in Sources */,
				CBBF9A2E275F024500BD319B /* Raid_Of_Temples_LauncherUITests.swift in Sources */,
			);
			runOnlyForDeploymentPostprocessing = 0;
		};
/* End PBXSourcesBuildPhase section */

/* Begin PBXTargetDependency section */
		CBBF9A21275F024500BD319B /* PBXTargetDependency */ = {
			isa = PBXTargetDependency;
			target = CBBF9A0D275F023F00BD319B /* Raid Of Temples Launcher */;
			targetProxy = CBBF9A20275F024500BD319B /* PBXContainerItemProxy */;
		};
		CBBF9A2B275F024500BD319B /* PBXTargetDependency */ = {
			isa = PBXTargetDependency;
			target = CBBF9A0D275F023F00BD319B /* Raid Of Temples Launcher */;
			targetProxy = CBBF9A2A275F024500BD319B /* PBXContainerItemProxy */;
		};
/* End PBXTargetDependency section */

/* Begin XCBuildConfiguration section */
		CBBF9A31275F024500BD319B /* Debug */ = {
			isa = XCBuildConfiguration;
			buildSettings = {
				ALWAYS_SEARCH_USER_PATHS = NO;
				CLANG_ANALYZER_NONNULL = YES;
				CLANG_ANALYZER_NUMBER_OBJECT_CONVERSION = YES_AGGRESSIVE;
				CLANG_CXX_LANGUAGE_STANDARD = "gnu++17";
				CLANG_CXX_LIBRARY = "libc++";
				CLANG_ENABLE_MODULES = YES;
				CLANG_ENABLE_OBJC_ARC = YES;
				CLANG_ENABLE_OBJC_WEAK = YES;
				CLANG_WARN_BLOCK_CAPTURE_AUTORELEASING = YES;
				CLANG_WARN_BOOL_CONVERSION = YES;
				CLANG_WARN_COMMA = YES;
				CLANG_WARN_CONSTANT_CONVERSION = YES;
				CLANG_WARN_DEPRECATED_OBJC_IMPLEMENTATIONS = YES;
				CLANG_WARN_DIRECT_OBJC_ISA_USAGE = YES_ERROR;
				CLANG_WARN_DOCUMENTATION_COMMENTS = YES;
				CLANG_WARN_EMPTY_BODY = YES;
				CLANG_WARN_ENUM_CONVERSION = YES;
				CLANG_WARN_INFINITE_RECURSION = YES;
				CLANG_WARN_INT_CONVERSION = YES;
				CLANG_WARN_NON_LITERAL_NULL_CONVERSION = YES;
				CLANG_WARN_OBJC_IMPLICIT_RETAIN_SELF = YES;
				CLANG_WARN_OBJC_LITERAL_CONVERSION = YES;
				CLANG_WARN_OBJC_ROOT_CLASS = YES_ERROR;
				CLANG_WARN_QUOTED_INCLUDE_IN_FRAMEWORK_HEADER = YES;
				CLANG_WARN_RANGE_LOOP_ANALYSIS = YES;
				CLANG_WARN_STRICT_PROTOTYPES = YES;
				CLANG_WARN_SUSPICIOUS_MOVE = YES;
				CLANG_WARN_UNGUARDED_AVAILABILITY = YES_AGGRESSIVE;
				CLANG_WARN_UNREACHABLE_CODE = YES;
				CLANG_WARN__DUPLICATE_METHOD_MATCH = YES;
				COPY_PHASE_STRIP = NO;
				DEBUG_INFORMATION_FORMAT = dwarf;
				ENABLE_STRICT_OBJC_MSGSEND = YES;
				ENABLE_TESTABILITY = YES;
				GCC_C_LANGUAGE_STANDARD = gnu11;
				GCC_DYNAMIC_NO_PIC = NO;
				GCC_NO_COMMON_BLOCKS = YES;
				GCC_OPTIMIZATION_LEVEL = 0;
				GCC_PREPROCESSOR_DEFINITIONS = (
					"DEBUG=1",
					"$(inherited)",
				);
				GCC_WARN_64_TO_32_BIT_CONVERSION = YES;
				GCC_WARN_ABOUT_RETURN_TYPE = YES_ERROR;
				GCC_WARN_UNDECLARED_SELECTOR = YES;
				GCC_WARN_UNINITIALIZED_AUTOS = YES_AGGRESSIVE;
				GCC_WARN_UNUSED_FUNCTION = YES;
				GCC_WARN_UNUSED_VARIABLE = YES;
				MACOSX_DEPLOYMENT_TARGET = 11.3;
				MTL_ENABLE_DEBUG_INFO = INCLUDE_SOURCE;
				MTL_FAST_MATH = YES;
				ONLY_ACTIVE_ARCH = YES;
				SDKROOT = macosx;
				SWIFT_ACTIVE_COMPILATION_CONDITIONS = DEBUG;
				SWIFT_OPTIMIZATION_LEVEL = "-Onone";
			};
			name = Debug;
		};
		CBBF9A32275F024500BD319B /* Release */ = {
			isa = XCBuildConfiguration;
			buildSettings = {
				ALWAYS_SEARCH_USER_PATHS = NO;
				CLANG_ANALYZER_NONNULL = YES;
				CLANG_ANALYZER_NUMBER_OBJECT_CONVERSION = YES_AGGRESSIVE;
				CLANG_CXX_LANGUAGE_STANDARD = "gnu++17";
				CLANG_CXX_LIBRARY = "libc++";
				CLANG_ENABLE_MODULES = YES;
				CLANG_ENABLE_OBJC_ARC = YES;
				CLANG_ENABLE_OBJC_WEAK = YES;
				CLANG_WARN_BLOCK_CAPTURE_AUTORELEASING = YES;
				CLANG_WARN_BOOL_CONVERSION = YES;
				CLANG_WARN_COMMA = YES;
				CLANG_WARN_CONSTANT_CONVERSION = YES;
				CLANG_WARN_DEPRECATED_OBJC_IMPLEMENTATIONS = YES;
				CLANG_WARN_DIRECT_OBJC_ISA_USAGE = YES_ERROR;
				CLANG_WARN_DOCUMENTATION_COMMENTS = YES;
				CLANG_WARN_EMPTY_BODY = YES;
				CLANG_WARN_ENUM_CONVERSION = YES;
				CLANG_WARN_INFINITE_RECURSION = YES;
				CLANG_WARN_INT_CONVERSION = YES;
				CLANG_WARN_NON_LITERAL_NULL_CONVERSION = YES;
				CLANG_WARN_OBJC_IMPLICIT_RETAIN_SELF = YES;
				CLANG_WARN_OBJC_LITERAL_CONVERSION = YES;
				CLANG_WARN_OBJC_ROOT_CLASS = YES_ERROR;
				CLANG_WARN_QUOTED_INCLUDE_IN_FRAMEWORK_HEADER = YES;
				CLANG_WARN_RANGE_LOOP_ANALYSIS = YES;
				CLANG_WARN_STRICT_PROTOTYPES = YES;
				CLANG_WARN_SUSPICIOUS_MOVE = YES;
				CLANG_WARN_UNGUARDED_AVAILABILITY = YES_AGGRESSIVE;
				CLANG_WARN_UNREACHABLE_CODE = YES;
				CLANG_WARN__DUPLICATE_METHOD_MATCH = YES;
				COPY_PHASE_STRIP = NO;
				DEBUG_INFORMATION_FORMAT = "dwarf-with-dsym";
				ENABLE_NS_ASSERTIONS = NO;
				ENABLE_STRICT_OBJC_MSGSEND = YES;
				GCC_C_LANGUAGE_STANDARD = gnu11;
				GCC_NO_COMMON_BLOCKS = YES;
				GCC_WARN_64_TO_32_BIT_CONVERSION = YES;
				GCC_WARN_ABOUT_RETURN_TYPE = YES_ERROR;
				GCC_WARN_UNDECLARED_SELECTOR = YES;
				GCC_WARN_UNINITIALIZED_AUTOS = YES_AGGRESSIVE;
				GCC_WARN_UNUSED_FUNCTION = YES;
				GCC_WARN_UNUSED_VARIABLE = YES;
				MACOSX_DEPLOYMENT_TARGET = 11.3;
				MTL_ENABLE_DEBUG_INFO = NO;
				MTL_FAST_MATH = YES;
				SDKROOT = macosx;
				SWIFT_COMPILATION_MODE = wholemodule;
				SWIFT_OPTIMIZATION_LEVEL = "-O";
			};
			name = Release;
		};
		CBBF9A34275F024500BD319B /* Debug */ = {
			isa = XCBuildConfiguration;
			buildSettings = {
				ASSETCATALOG_COMPILER_APPICON_NAME = AppIcon;
				ASSETCATALOG_COMPILER_GLOBAL_ACCENT_COLOR_NAME = AccentColor;
				CODE_SIGN_ENTITLEMENTS = "Raid Of Temples Launcher/Raid_Of_Temples_Launcher.entitlements";
				CODE_SIGN_STYLE = Automatic;
				COMBINE_HIDPI_IMAGES = YES;
				CURRENT_PROJECT_VERSION = 1;
				DEVELOPMENT_ASSET_PATHS = "\"Raid Of Temples Launcher/Preview Content\"";
				ENABLE_PREVIEWS = YES;
				GENERATE_INFOPLIST_FILE = YES;
				INFOPLIST_KEY_NSHumanReadableCopyright = "";
				LD_RUNPATH_SEARCH_PATHS = (
					"$(inherited)",
					"@executable_path/../Frameworks",
				);
				MACOSX_DEPLOYMENT_TARGET = 11.0;
				MARKETING_VERSION = 1.0;
				PRODUCT_BUNDLE_IDENTIFIER = "Gameplex-Software.Raid-Of-Temples-Launcher";
				PRODUCT_NAME = "$(TARGET_NAME)";
				SWIFT_EMIT_LOC_STRINGS = YES;
				SWIFT_VERSION = 5.0;
			};
			name = Debug;
		};
		CBBF9A35275F024500BD319B /* Release */ = {
			isa = XCBuildConfiguration;
			buildSettings = {
				ASSETCATALOG_COMPILER_APPICON_NAME = AppIcon;
				ASSETCATALOG_COMPILER_GLOBAL_ACCENT_COLOR_NAME = AccentColor;
				CODE_SIGN_ENTITLEMENTS = "Raid Of Temples Launcher/Raid_Of_Temples_Launcher.entitlements";
				CODE_SIGN_STYLE = Automatic;
				COMBINE_HIDPI_IMAGES = YES;
				CURRENT_PROJECT_VERSION = 1;
				DEVELOPMENT_ASSET_PATHS = "\"Raid Of Temples Launcher/Preview Content\"";
				ENABLE_PREVIEWS = YES;
				GENERATE_INFOPLIST_FILE = YES;
				INFOPLIST_KEY_NSHumanReadableCopyright = "";
				LD_RUNPATH_SEARCH_PATHS = (
					"$(inherited)",
					"@executable_path/../Frameworks",
				);
				MACOSX_DEPLOYMENT_TARGET = 11.0;
				MARKETING_VERSION = 1.0;
				PRODUCT_BUNDLE_IDENTIFIER = "Gameplex-Software.Raid-Of-Temples-Launcher";
				PRODUCT_NAME = "$(TARGET_NAME)";
				SWIFT_EMIT_LOC_STRINGS = YES;
				SWIFT_VERSION = 5.0;
			};
			name = Release;
		};
		CBBF9A37275F024500BD319B /* Debug */ = {
			isa = XCBuildConfiguration;
			buildSettings = {
				ALWAYS_EMBED_SWIFT_STANDARD_LIBRARIES = YES;
				BUNDLE_LOADER = "$(TEST_HOST)";
				CODE_SIGN_STYLE = Automatic;
				COMBINE_HIDPI_IMAGES = YES;
				CURRENT_PROJECT_VERSION = 1;
				GENERATE_INFOPLIST_FILE = YES;
				LD_RUNPATH_SEARCH_PATHS = (
					"$(inherited)",
					"@executable_path/../Frameworks",
					"@loader_path/../Frameworks",
				);
				MACOSX_DEPLOYMENT_TARGET = 11.0;
				MARKETING_VERSION = 1.0;
				PRODUCT_BUNDLE_IDENTIFIER = "Gameplex-Software.Raid-Of-Temples-LauncherTests";
				PRODUCT_NAME = "$(TARGET_NAME)";
				SWIFT_EMIT_LOC_STRINGS = NO;
				SWIFT_VERSION = 5.0;
				TEST_HOST = "$(BUILT_PRODUCTS_DIR)/Raid Of Temples Launcher.app/Contents/MacOS/Raid Of Temples Launcher";
			};
			name = Debug;
		};
		CBBF9A38275F024500BD319B /* Release */ = {
			isa = XCBuildConfiguration;
			buildSettings = {
				ALWAYS_EMBED_SWIFT_STANDARD_LIBRARIES = YES;
				BUNDLE_LOADER = "$(TEST_HOST)";
				CODE_SIGN_STYLE = Automatic;
				COMBINE_HIDPI_IMAGES = YES;
				CURRENT_PROJECT_VERSION = 1;
				GENERATE_INFOPLIST_FILE = YES;
				LD_RUNPATH_SEARCH_PATHS = (
					"$(inherited)",
					"@executable_path/../Frameworks",
					"@loader_path/../Frameworks",
				);
				MACOSX_DEPLOYMENT_TARGET = 11.0;
				MARKETING_VERSION = 1.0;
				PRODUCT_BUNDLE_IDENTIFIER = "Gameplex-Software.Raid-Of-Temples-LauncherTests";
				PRODUCT_NAME = "$(TARGET_NAME)";
				SWIFT_EMIT_LOC_STRINGS = NO;
				SWIFT_VERSION = 5.0;
				TEST_HOST = "$(BUILT_PRODUCTS_DIR)/Raid Of Temples Launcher.app/Contents/MacOS/Raid Of Temples Launcher";
			};
			name = Release;
		};
		CBBF9A3A275F024500BD319B /* Debug */ = {
			isa = XCBuildConfiguration;
			buildSettings = {
				ALWAYS_EMBED_SWIFT_STANDARD_LIBRARIES = YES;
				CODE_SIGN_STYLE = Automatic;
				COMBINE_HIDPI_IMAGES = YES;
				CURRENT_PROJECT_VERSION = 1;
				GENERATE_INFOPLIST_FILE = YES;
				LD_RUNPATH_SEARCH_PATHS = (
					"$(inherited)",
					"@executable_path/../Frameworks",
					"@loader_path/../Frameworks",
				);
				MARKETING_VERSION = 1.0;
				PRODUCT_BUNDLE_IDENTIFIER = "Gameplex-Software.Raid-Of-Temples-LauncherUITests";
				PRODUCT_NAME = "$(TARGET_NAME)";
				SWIFT_EMIT_LOC_STRINGS = NO;
				SWIFT_VERSION = 5.0;
				TEST_TARGET_NAME = "Raid Of Temples Launcher";
			};
			name = Debug;
		};
		CBBF9A3B275F024500BD319B /* Release */ = {
			isa = XCBuildConfiguration;
			buildSettings = {
				ALWAYS_EMBED_SWIFT_STANDARD_LIBRARIES = YES;
				CODE_SIGN_STYLE = Automatic;
				COMBINE_HIDPI_IMAGES = YES;
				CURRENT_PROJECT_VERSION = 1;
				GENERATE_INFOPLIST_FILE = YES;
				LD_RUNPATH_SEARCH_PATHS = (
					"$(inherited)",
					"@executable_path/../Frameworks",
					"@loader_path/../Frameworks",
				);
				MARKETING_VERSION = 1.0;
				PRODUCT_BUNDLE_IDENTIFIER = "Gameplex-Software.Raid-Of-Temples-LauncherUITests";
				PRODUCT_NAME = "$(TARGET_NAME)";
				SWIFT_EMIT_LOC_STRINGS = NO;
				SWIFT_VERSION = 5.0;
				TEST_TARGET_NAME = "Raid Of Temples Launcher";
			};
			name = Release;
		};
/* End XCBuildConfiguration section */

/* Begin XCConfigurationList section */
		CBBF9A09275F023F00BD319B /* Build configuration list for PBXProject "Raid Of Temples Launcher" */ = {
			isa = XCConfigurationList;
			buildConfigurations = (
				CBBF9A31275F024500BD319B /* Debug */,
				CBBF9A32275F024500BD319B /* Release */,
			);
			defaultConfigurationIsVisible = 0;
			defaultConfigurationName = Release;
		};
		CBBF9A33275F024500BD319B /* Build configuration list for PBXNativeTarget "Raid Of Temples Launcher" */ = {
			isa = XCConfigurationList;
			buildConfigurations = (
				CBBF9A34275F024500BD319B /* Debug */,
				CBBF9A35275F024500BD319B /* Release */,
			);
			defaultConfigurationIsVisible = 0;
			defaultConfigurationName = Release;
		};
		CBBF9A36275F024500BD319B /* Build configuration list for PBXNativeTarget "Raid Of Temples LauncherTests" */ = {
			isa = XCConfigurationList;
			buildConfigurations = (
				CBBF9A37275F024500BD319B /* Debug */,
				CBBF9A38275F024500BD319B /* Release */,
			);
			defaultConfigurationIsVisible = 0;
			defaultConfigurationName = Release;
		};
		CBBF9A39275F024500BD319B /* Build configuration list for PBXNativeTarget "Raid Of Temples LauncherUITests" */ = {
			isa = XCConfigurationList;
			buildConfigurations = (
				CBBF9A3A275F024500BD319B /* Debug */,
				CBBF9A3B275F024500BD319B /* Release */,
			);
			defaultConfigurationIsVisible = 0;
			defaultConfigurationName = Release;
		};
/* End XCConfigurationList section */
	};
	rootObject = CBBF9A06275F023F00BD319B /* Project object */;
}
